
Microsoft Visual Studio Solution File, Format Version 12.00
# Visual Studio Version 16
VisualStudioVersion = 16.0.32413.511
MinimumVisualStudioVersion = 10.0.40219.1
Project("{FAE04EC0-301F-11D3-BF4B-00C04F79EFBC}") = "TaskApp", "TaskApp\TaskApp.csproj", "{A672EF3A-2A74-4358-BE9D-63E5A0E8460D}"
EndProject
Global
	GlobalSection(SolutionConfigurationPlatforms) = preSolution
		Debug|Any CPU = Debug|Any CPU
		Release|Any CPU = Release|Any CPU
	EndGlobalSection
	GlobalSection(ProjectConfigurationPlatforms) = postSolution
		{A672EF3A-2A74-4358-BE9D-63E5A0E8460D}.Debug|Any CPU.ActiveCfg = Debug|Any CPU
		{A672EF3A-2A74-4358-BE9D-63E5A0E8460D}.Debug|Any CPU.Build.0 = Debug|Any CPU
		{A672EF3A-2A74-4358-BE9D-63E5A0E8460D}.Release|Any CPU.ActiveCfg = Release|Any CPU
		{A672EF3A-2A74-4358-BE9D-63E5A0E8460D}.Release|Any CPU.Build.0 = Release|Any CPU
	EndGlobalSection
	GlobalSection(SolutionProperties) = preSolution
		HideSolutionNode = FALSE
	EndGlobalSection
	GlobalSection(ExtensibilityGlobals) = postSolution
		SolutionGuid = {E8C1D86D-55D8-435E-946D-17BEB069B3EC}
	EndGlobalSection
EndGlobal
